PODS:
  - Alamofire (5.9.1)
  - IQKeyboardManagerSwift (7.1.1)
  - Kingfisher (7.12.0)
  - lottie-ios (4.5.0)
  - MJRefresh (3.7.9)

DEPENDENCIES:
  - Alamofire
  - IQKeyboardManagerSwift
  - Kingfisher
  - lottie-ios
  - MJRefresh

SPEC REPOS:
  trunk:
    - Alamofire
    - IQKeyboardManagerSwift
    - Kingfisher
    - lottie-ios
    - MJRefresh

SPEC CHECKSUMS:
  Alamofire: f36a35757af4587d8e4f4bfa223ad10be2422b8c
  IQKeyboardManagerSwift: d7f3d3a562c237a0e7335e657cd598c452f57f1b
  Kingfisher: 53a10ea35051a436b5fb626ca2dd8f3144d755e9
  lottie-ios: a881093fab623c467d3bce374367755c272bdd59
  MJRefresh: ff9e531227924c84ce459338414550a05d2aea78

PODFILE CHECKSUM: b7a1ef1eab39cfadd4fbc439eb722a7c07fb4bee

COCOAPODS: 1.15.2
